
Microsoft Visual Studio Solution File, Format Version 11.00
# Visual Studio 2010
Project("{FAE04EC0-301F-11D3-BF4B-00C04F79EFBC}") = "AlephVault.Unity.WindRose.RefMapChars.Runtime", "AlephVault.Unity.WindRose.RefMapChars.Runtime.csproj", "{5eafc601-9572-5ac0-0171-3f02be005bcf}"
EndProject
Project("{FAE04EC0-301F-11D3-BF4B-00C04F79EFBC}") = "AlephVault.Unity.Binary.Runtime", "AlephVault.Unity.Binary.Runtime.csproj", "{446ad4e5-fe88-6b36-b577-1446f964019b}"
EndProject
Project("{FAE04EC0-301F-11D3-BF4B-00C04F79EFBC}") = "AlephVault.Unity.Meetgard.Scopes.Runtime", "AlephVault.Unity.Meetgard.Scopes.Runtime.csproj", "{07ae5edf-e75b-1834-4a34-ade5aec1c4ff}"
EndProject
Project("{FAE04EC0-301F-11D3-BF4B-00C04F79EFBC}") = "AlephVault.Unity.Meetgard.Runtime", "AlephVault.Unity.Meetgard.Runtime.csproj", "{9df70f52-50da-2ae0-c34e-e4f2bdc19750}"
EndProject
Project("{FAE04EC0-301F-11D3-BF4B-00C04F79EFBC}") = "AlephVault.Unity.BackPack.Runtime", "AlephVault.Unity.BackPack.Runtime.csproj", "{414764b2-8f7e-eafc-38c9-5f5d45748f0a}"
EndProject
Project("{FAE04EC0-301F-11D3-BF4B-00C04F79EFBC}") = "AlephVault.Unity.Boilerplates.Editor", "AlephVault.Unity.Boilerplates.Editor.csproj", "{99dc2b18-6e2c-479b-399a-b9ec7cd57d0d}"
EndProject
Project("{FAE04EC0-301F-11D3-BF4B-00C04F79EFBC}") = "AlephVault.Unity.Support.Runtime", "AlephVault.Unity.Support.Runtime.csproj", "{0cdefd7c-1670-a7d2-9c95-849900ed8a5e}"
EndProject
Project("{FAE04EC0-301F-11D3-BF4B-00C04F79EFBC}") = "AlephVault.Unity.Support.Generic.Runtime", "AlephVault.Unity.Support.Generic.Runtime.csproj", "{36b7171f-0ea6-e806-a4bf-9b4d071e874f}"
EndProject
Project("{FAE04EC0-301F-11D3-BF4B-00C04F79EFBC}") = "AlephVault.Unity.Meetgard.Auth.Runtime", "AlephVault.Unity.Meetgard.Auth.Runtime.csproj", "{331fa4e9-ccaf-8c92-cc3c-26e4f6108575}"
EndProject
Project("{FAE04EC0-301F-11D3-BF4B-00C04F79EFBC}") = "AlephVault.Unity.GabTab.Editor", "AlephVault.Unity.GabTab.Editor.csproj", "{6c3e64f0-23d8-4395-6585-5794e6e8d98b}"
EndProject
Project("{FAE04EC0-301F-11D3-BF4B-00C04F79EFBC}") = "AlephVault.Unity.NetRose.Samples", "AlephVault.Unity.NetRose.Samples.csproj", "{914d2c3c-6897-c208-5147-a03a8957c7de}"
EndProject
Project("{FAE04EC0-301F-11D3-BF4B-00C04F79EFBC}") = "AlephVault.Unity.NetRose.Runtime", "AlephVault.Unity.NetRose.Runtime.csproj", "{cd4a505b-7ff9-d16a-40b1-65c52e723c2a}"
EndProject
Project("{FAE04EC0-301F-11D3-BF4B-00C04F79EFBC}") = "AlephVault.Unity.Meetgard.Scopes.Samples", "AlephVault.Unity.Meetgard.Scopes.Samples.csproj", "{d3357253-6b4b-9db2-9cc8-51edeb21ea00}"
EndProject
Project("{FAE04EC0-301F-11D3-BF4B-00C04F79EFBC}") = "AlephVault.Unity.RemoteStorage.Samples", "AlephVault.Unity.RemoteStorage.Samples.csproj", "{fd9d267d-1158-068e-f750-439f9a7ae5a9}"
EndProject
Project("{FAE04EC0-301F-11D3-BF4B-00C04F79EFBC}") = "AlephVault.Unity.WindRose.Runtime", "AlephVault.Unity.WindRose.Runtime.csproj", "{751e468e-1d49-fe91-7302-a05b8157e0f7}"
EndProject
Project("{FAE04EC0-301F-11D3-BF4B-00C04F79EFBC}") = "AlephVault.Unity.RemoteStorage.Runtime", "AlephVault.Unity.RemoteStorage.Runtime.csproj", "{a348c6f6-76bf-5f27-dffc-abb37b053751}"
EndProject
Project("{FAE04EC0-301F-11D3-BF4B-00C04F79EFBC}") = "AlephVault.Unity.SpriteUtils.Runtime", "AlephVault.Unity.SpriteUtils.Runtime.csproj", "{9b92ed08-e55b-c3cc-82fc-c435f51ba1ef}"
EndProject
Project("{FAE04EC0-301F-11D3-BF4B-00C04F79EFBC}") = "AlephVault.Unity.GabTab.Runtime", "AlephVault.Unity.GabTab.Runtime.csproj", "{e9d5f94c-4a91-3c9e-7e07-2a324809302e}"
EndProject
Project("{FAE04EC0-301F-11D3-BF4B-00C04F79EFBC}") = "AlephVault.Unity.WindRose.CubeWorlds.Runtime", "AlephVault.Unity.WindRose.CubeWorlds.Runtime.csproj", "{73a6ad70-8c34-5b16-5ded-39dc5b8330f0}"
EndProject
Project("{FAE04EC0-301F-11D3-BF4B-00C04F79EFBC}") = "AlephVault.Unity.Meetgard.Samples", "AlephVault.Unity.Meetgard.Samples.csproj", "{f2c57f18-a54c-c880-42e9-248fb63c116f}"
EndProject
Project("{FAE04EC0-301F-11D3-BF4B-00C04F79EFBC}") = "AlephVault.Unity.Meetgard.Auth.Samples", "AlephVault.Unity.Meetgard.Auth.Samples.csproj", "{ca9c007e-74a7-4ff9-49f2-09ab743b9635}"
EndProject
Project("{FAE04EC0-301F-11D3-BF4B-00C04F79EFBC}") = "AlephVault.Unity.Meetgard.Editor", "AlephVault.Unity.Meetgard.Editor.csproj", "{07fd45f9-1023-eae4-5652-70048015fad9}"
EndProject
Project("{FAE04EC0-301F-11D3-BF4B-00C04F79EFBC}") = "AlephVault.Unity.WindRose.BackPack.Editor", "AlephVault.Unity.WindRose.BackPack.Editor.csproj", "{1c23e151-60b2-a158-a536-f4b1cbbd4fa6}"
EndProject
Project("{FAE04EC0-301F-11D3-BF4B-00C04F79EFBC}") = "AlephVault.Unity.WindRose.Editor", "AlephVault.Unity.WindRose.Editor.csproj", "{c394d281-93d3-972e-f76a-5c4c2b24cacf}"
EndProject
Project("{FAE04EC0-301F-11D3-BF4B-00C04F79EFBC}") = "AlephVault.Unity.WindRose.SpriteUtils.Runtime", "AlephVault.Unity.WindRose.SpriteUtils.Runtime.csproj", "{22851175-7824-4b2d-cd2a-caf51e408e55}"
EndProject
Project("{FAE04EC0-301F-11D3-BF4B-00C04F79EFBC}") = "AlephVault.Unity.SpriteUtils.Samples", "AlephVault.Unity.SpriteUtils.Samples.csproj", "{56a9d3d5-3c2e-8191-42d1-5e7a76612e46}"
EndProject
Project("{FAE04EC0-301F-11D3-BF4B-00C04F79EFBC}") = "AlephVault.Unity.Meetgard.Auth.Editor", "AlephVault.Unity.Meetgard.Auth.Editor.csproj", "{58084023-7410-97c6-7f48-1fd74c45b692}"
EndProject
Project("{FAE04EC0-301F-11D3-BF4B-00C04F79EFBC}") = "AlephVault.Unity.WindRose.SpriteUtils.Samples", "AlephVault.Unity.WindRose.SpriteUtils.Samples.csproj", "{ca06ce34-93f1-3a47-cf97-d65cd7565c09}"
EndProject
Project("{FAE04EC0-301F-11D3-BF4B-00C04F79EFBC}") = "AlephVault.Unity.WindRose.RefMapChars.Editor", "AlephVault.Unity.WindRose.RefMapChars.Editor.csproj", "{8e7ffd55-6f34-8004-a143-14d7e7d1e1b1}"
EndProject
Project("{FAE04EC0-301F-11D3-BF4B-00C04F79EFBC}") = "AlephVault.Unity.NetRose.Editor", "AlephVault.Unity.NetRose.Editor.csproj", "{0d52162a-2385-3654-200d-0611f5c058e2}"
EndProject
Project("{FAE04EC0-301F-11D3-BF4B-00C04F79EFBC}") = "AlephVault.Unity.NetRose.RefMapChars.Runtime", "AlephVault.Unity.NetRose.RefMapChars.Runtime.csproj", "{baa01414-7f38-cc13-8c3d-b7c1c190fe6d}"
EndProject
Project("{FAE04EC0-301F-11D3-BF4B-00C04F79EFBC}") = "AlephVault.Unity.WindRose.RefMapChars.Samples", "AlephVault.Unity.WindRose.RefMapChars.Samples.csproj", "{1eef13de-7db1-79ef-54e7-da74f5ae4c02}"
EndProject
Project("{FAE04EC0-301F-11D3-BF4B-00C04F79EFBC}") = "AlephVault.Unity.TextureUtils.Runtime", "AlephVault.Unity.TextureUtils.Runtime.csproj", "{f068271e-9b99-3dd9-7b7f-563153c70dd3}"
EndProject
Project("{FAE04EC0-301F-11D3-BF4B-00C04F79EFBC}") = "AlephVault.Unity.Layout.Runtime", "AlephVault.Unity.Layout.Runtime.csproj", "{bd21ebbf-4615-dd0f-c09c-db39f760560b}"
EndProject
Project("{FAE04EC0-301F-11D3-BF4B-00C04F79EFBC}") = "AlephVault.Unity.WindRose.BackPack.Runtime", "AlephVault.Unity.WindRose.BackPack.Runtime.csproj", "{b70bacef-abb6-cf6e-2a6a-021deabc5f96}"
EndProject
Project("{FAE04EC0-301F-11D3-BF4B-00C04F79EFBC}") = "AlephVault.Unity.WindRose.Biomes.Runtime", "AlephVault.Unity.WindRose.Biomes.Runtime.csproj", "{912049b3-990c-1d52-ad98-7a0518623e19}"
EndProject
Project("{FAE04EC0-301F-11D3-BF4B-00C04F79EFBC}") = "AlephVault.Unity.WindRose.NeighbourTeleports.Samples", "AlephVault.Unity.WindRose.NeighbourTeleports.Samples.csproj", "{72b9e039-0eaa-6d64-6b00-0a0163baa3f4}"
EndProject
Project("{FAE04EC0-301F-11D3-BF4B-00C04F79EFBC}") = "AlephVault.Unity.Support.Generic.Editor", "AlephVault.Unity.Support.Generic.Editor.csproj", "{e3395fe2-6dd7-0174-fe11-40993fde72b3}"
EndProject
Project("{FAE04EC0-301F-11D3-BF4B-00C04F79EFBC}") = "AlephVault.Unity.MenuActions.Editor", "AlephVault.Unity.MenuActions.Editor.csproj", "{5535ec89-3ecf-e9e2-b738-8b640e032389}"
EndProject
Project("{FAE04EC0-301F-11D3-BF4B-00C04F79EFBC}") = "AlephVault.Unity.WindRose.Biomes.Samples", "AlephVault.Unity.WindRose.Biomes.Samples.csproj", "{6eccb63a-e286-e7f2-a405-6f305025a354}"
EndProject
Project("{FAE04EC0-301F-11D3-BF4B-00C04F79EFBC}") = "AlephVault.Unity.WindRose.NeighbourTeleports.Runtime", "AlephVault.Unity.WindRose.NeighbourTeleports.Runtime.csproj", "{29f619eb-57fa-7e93-ee99-9335705d2af9}"
EndProject
Project("{FAE04EC0-301F-11D3-BF4B-00C04F79EFBC}") = "AlephVault.Unity.WindRose.GabTab.Runtime", "AlephVault.Unity.WindRose.GabTab.Runtime.csproj", "{c4fb2cd2-6675-cd35-68b6-492e03d73009}"
EndProject
Project("{FAE04EC0-301F-11D3-BF4B-00C04F79EFBC}") = "AlephVault.Unity.NetRose.Storage.Editor", "AlephVault.Unity.NetRose.Storage.Editor.csproj", "{b0da1f5e-16ce-f4c4-be97-d0aefe62ef17}"
EndProject
Project("{FAE04EC0-301F-11D3-BF4B-00C04F79EFBC}") = "AlephVault.Unity.SoundAround", "AlephVault.Unity.SoundAround.csproj", "{9f88b8ce-e62e-2e81-172f-57c23554e356}"
EndProject
Project("{FAE04EC0-301F-11D3-BF4B-00C04F79EFBC}") = "AlephVault.Unity.NetRose.RefMapChars.Editor", "AlephVault.Unity.NetRose.RefMapChars.Editor.csproj", "{1471aec5-9f67-3f07-ffad-b75bc3a6e629}"
EndProject
Project("{FAE04EC0-301F-11D3-BF4B-00C04F79EFBC}") = "AlephVault.Unity.BackPack.Editor", "AlephVault.Unity.BackPack.Editor.csproj", "{9897a6a5-8724-f538-aa91-be48275916d0}"
EndProject
Project("{FAE04EC0-301F-11D3-BF4B-00C04F79EFBC}") = "AlephVault.Unity.TextureUtils.Samples", "AlephVault.Unity.TextureUtils.Samples.csproj", "{c6b25105-1056-15ce-1a11-bfc7a2be7d73}"
EndProject
Project("{FAE04EC0-301F-11D3-BF4B-00C04F79EFBC}") = "AlephVault.Unity.WindRose.CubeWorlds.Samples", "AlephVault.Unity.WindRose.CubeWorlds.Samples.csproj", "{a9ed504c-ba4d-232f-83d0-bb4f020cef7f}"
EndProject
Project("{FAE04EC0-301F-11D3-BF4B-00C04F79EFBC}") = "AlephVault.Unity.WindRose.GabTab.Editor", "AlephVault.Unity.WindRose.GabTab.Editor.csproj", "{8e73dc66-fbd6-3290-a0f3-0012fce0f8eb}"
EndProject
Project("{FAE04EC0-301F-11D3-BF4B-00C04F79EFBC}") = "Assembly-CSharp", "Assembly-CSharp.csproj", "{924e5454-b744-0ad1-09a6-f466b9b79861}"
EndProject
Project("{FAE04EC0-301F-11D3-BF4B-00C04F79EFBC}") = "AlephVault.Unity.LPCBiomes.Runtime", "AlephVault.Unity.LPCBiomes.Runtime.csproj", "{7da42560-d509-2409-f49c-e51ebbf89c7e}"
EndProject
Global
	GlobalSection(SolutionConfigurationPlatforms) = preSolution
		Debug|Any CPU = Debug|Any CPU
	EndGlobalSection
	GlobalSection(ProjectConfigurationPlatforms) = postSolution
		{5eafc601-9572-5ac0-0171-3f02be005bcf}.Debug|Any CPU.ActiveCfg = Debug|Any CPU
		{5eafc601-9572-5ac0-0171-3f02be005bcf}.Debug|Any CPU.Build.0 = Debug|Any CPU
		{446ad4e5-fe88-6b36-b577-1446f964019b}.Debug|Any CPU.ActiveCfg = Debug|Any CPU
		{446ad4e5-fe88-6b36-b577-1446f964019b}.Debug|Any CPU.Build.0 = Debug|Any CPU
		{07ae5edf-e75b-1834-4a34-ade5aec1c4ff}.Debug|Any CPU.ActiveCfg = Debug|Any CPU
		{07ae5edf-e75b-1834-4a34-ade5aec1c4ff}.Debug|Any CPU.Build.0 = Debug|Any CPU
		{9df70f52-50da-2ae0-c34e-e4f2bdc19750}.Debug|Any CPU.ActiveCfg = Debug|Any CPU
		{9df70f52-50da-2ae0-c34e-e4f2bdc19750}.Debug|Any CPU.Build.0 = Debug|Any CPU
		{414764b2-8f7e-eafc-38c9-5f5d45748f0a}.Debug|Any CPU.ActiveCfg = Debug|Any CPU
		{414764b2-8f7e-eafc-38c9-5f5d45748f0a}.Debug|Any CPU.Build.0 = Debug|Any CPU
		{99dc2b18-6e2c-479b-399a-b9ec7cd57d0d}.Debug|Any CPU.ActiveCfg = Debug|Any CPU
		{99dc2b18-6e2c-479b-399a-b9ec7cd57d0d}.Debug|Any CPU.Build.0 = Debug|Any CPU
		{0cdefd7c-1670-a7d2-9c95-849900ed8a5e}.Debug|Any CPU.ActiveCfg = Debug|Any CPU
		{0cdefd7c-1670-a7d2-9c95-849900ed8a5e}.Debug|Any CPU.Build.0 = Debug|Any CPU
		{36b7171f-0ea6-e806-a4bf-9b4d071e874f}.Debug|Any CPU.ActiveCfg = Debug|Any CPU
		{36b7171f-0ea6-e806-a4bf-9b4d071e874f}.Debug|Any CPU.Build.0 = Debug|Any CPU
		{331fa4e9-ccaf-8c92-cc3c-26e4f6108575}.Debug|Any CPU.ActiveCfg = Debug|Any CPU
		{331fa4e9-ccaf-8c92-cc3c-26e4f6108575}.Debug|Any CPU.Build.0 = Debug|Any CPU
		{6c3e64f0-23d8-4395-6585-5794e6e8d98b}.Debug|Any CPU.ActiveCfg = Debug|Any CPU
		{6c3e64f0-23d8-4395-6585-5794e6e8d98b}.Debug|Any CPU.Build.0 = Debug|Any CPU
		{914d2c3c-6897-c208-5147-a03a8957c7de}.Debug|Any CPU.ActiveCfg = Debug|Any CPU
		{914d2c3c-6897-c208-5147-a03a8957c7de}.Debug|Any CPU.Build.0 = Debug|Any CPU
		{cd4a505b-7ff9-d16a-40b1-65c52e723c2a}.Debug|Any CPU.ActiveCfg = Debug|Any CPU
		{cd4a505b-7ff9-d16a-40b1-65c52e723c2a}.Debug|Any CPU.Build.0 = Debug|Any CPU
		{d3357253-6b4b-9db2-9cc8-51edeb21ea00}.Debug|Any CPU.ActiveCfg = Debug|Any CPU
		{d3357253-6b4b-9db2-9cc8-51edeb21ea00}.Debug|Any CPU.Build.0 = Debug|Any CPU
		{fd9d267d-1158-068e-f750-439f9a7ae5a9}.Debug|Any CPU.ActiveCfg = Debug|Any CPU
		{fd9d267d-1158-068e-f750-439f9a7ae5a9}.Debug|Any CPU.Build.0 = Debug|Any CPU
		{751e468e-1d49-fe91-7302-a05b8157e0f7}.Debug|Any CPU.ActiveCfg = Debug|Any CPU
		{751e468e-1d49-fe91-7302-a05b8157e0f7}.Debug|Any CPU.Build.0 = Debug|Any CPU
		{a348c6f6-76bf-5f27-dffc-abb37b053751}.Debug|Any CPU.ActiveCfg = Debug|Any CPU
		{a348c6f6-76bf-5f27-dffc-abb37b053751}.Debug|Any CPU.Build.0 = Debug|Any CPU
		{9b92ed08-e55b-c3cc-82fc-c435f51ba1ef}.Debug|Any CPU.ActiveCfg = Debug|Any CPU
		{9b92ed08-e55b-c3cc-82fc-c435f51ba1ef}.Debug|Any CPU.Build.0 = Debug|Any CPU
		{e9d5f94c-4a91-3c9e-7e07-2a324809302e}.Debug|Any CPU.ActiveCfg = Debug|Any CPU
		{e9d5f94c-4a91-3c9e-7e07-2a324809302e}.Debug|Any CPU.Build.0 = Debug|Any CPU
		{73a6ad70-8c34-5b16-5ded-39dc5b8330f0}.Debug|Any CPU.ActiveCfg = Debug|Any CPU
		{73a6ad70-8c34-5b16-5ded-39dc5b8330f0}.Debug|Any CPU.Build.0 = Debug|Any CPU
		{f2c57f18-a54c-c880-42e9-248fb63c116f}.Debug|Any CPU.ActiveCfg = Debug|Any CPU
		{f2c57f18-a54c-c880-42e9-248fb63c116f}.Debug|Any CPU.Build.0 = Debug|Any CPU
		{ca9c007e-74a7-4ff9-49f2-09ab743b9635}.Debug|Any CPU.ActiveCfg = Debug|Any CPU
		{ca9c007e-74a7-4ff9-49f2-09ab743b9635}.Debug|Any CPU.Build.0 = Debug|Any CPU
		{07fd45f9-1023-eae4-5652-70048015fad9}.Debug|Any CPU.ActiveCfg = Debug|Any CPU
		{07fd45f9-1023-eae4-5652-70048015fad9}.Debug|Any CPU.Build.0 = Debug|Any CPU
		{1c23e151-60b2-a158-a536-f4b1cbbd4fa6}.Debug|Any CPU.ActiveCfg = Debug|Any CPU
		{1c23e151-60b2-a158-a536-f4b1cbbd4fa6}.Debug|Any CPU.Build.0 = Debug|Any CPU
		{c394d281-93d3-972e-f76a-5c4c2b24cacf}.Debug|Any CPU.ActiveCfg = Debug|Any CPU
		{c394d281-93d3-972e-f76a-5c4c2b24cacf}.Debug|Any CPU.Build.0 = Debug|Any CPU
		{22851175-7824-4b2d-cd2a-caf51e408e55}.Debug|Any CPU.ActiveCfg = Debug|Any CPU
		{22851175-7824-4b2d-cd2a-caf51e408e55}.Debug|Any CPU.Build.0 = Debug|Any CPU
		{56a9d3d5-3c2e-8191-42d1-5e7a76612e46}.Debug|Any CPU.ActiveCfg = Debug|Any CPU
		{56a9d3d5-3c2e-8191-42d1-5e7a76612e46}.Debug|Any CPU.Build.0 = Debug|Any CPU
		{58084023-7410-97c6-7f48-1fd74c45b692}.Debug|Any CPU.ActiveCfg = Debug|Any CPU
		{58084023-7410-97c6-7f48-1fd74c45b692}.Debug|Any CPU.Build.0 = Debug|Any CPU
		{ca06ce34-93f1-3a47-cf97-d65cd7565c09}.Debug|Any CPU.ActiveCfg = Debug|Any CPU
		{ca06ce34-93f1-3a47-cf97-d65cd7565c09}.Debug|Any CPU.Build.0 = Debug|Any CPU
		{8e7ffd55-6f34-8004-a143-14d7e7d1e1b1}.Debug|Any CPU.ActiveCfg = Debug|Any CPU
		{8e7ffd55-6f34-8004-a143-14d7e7d1e1b1}.Debug|Any CPU.Build.0 = Debug|Any CPU
		{0d52162a-2385-3654-200d-0611f5c058e2}.Debug|Any CPU.ActiveCfg = Debug|Any CPU
		{0d52162a-2385-3654-200d-0611f5c058e2}.Debug|Any CPU.Build.0 = Debug|Any CPU
		{baa01414-7f38-cc13-8c3d-b7c1c190fe6d}.Debug|Any CPU.ActiveCfg = Debug|Any CPU
		{baa01414-7f38-cc13-8c3d-b7c1c190fe6d}.Debug|Any CPU.Build.0 = Debug|Any CPU
		{1eef13de-7db1-79ef-54e7-da74f5ae4c02}.Debug|Any CPU.ActiveCfg = Debug|Any CPU
		{1eef13de-7db1-79ef-54e7-da74f5ae4c02}.Debug|Any CPU.Build.0 = Debug|Any CPU
		{f068271e-9b99-3dd9-7b7f-563153c70dd3}.Debug|Any CPU.ActiveCfg = Debug|Any CPU
		{f068271e-9b99-3dd9-7b7f-563153c70dd3}.Debug|Any CPU.Build.0 = Debug|Any CPU
		{bd21ebbf-4615-dd0f-c09c-db39f760560b}.Debug|Any CPU.ActiveCfg = Debug|Any CPU
		{bd21ebbf-4615-dd0f-c09c-db39f760560b}.Debug|Any CPU.Build.0 = Debug|Any CPU
		{b70bacef-abb6-cf6e-2a6a-021deabc5f96}.Debug|Any CPU.ActiveCfg = Debug|Any CPU
		{b70bacef-abb6-cf6e-2a6a-021deabc5f96}.Debug|Any CPU.Build.0 = Debug|Any CPU
		{912049b3-990c-1d52-ad98-7a0518623e19}.Debug|Any CPU.ActiveCfg = Debug|Any CPU
		{912049b3-990c-1d52-ad98-7a0518623e19}.Debug|Any CPU.Build.0 = Debug|Any CPU
		{72b9e039-0eaa-6d64-6b00-0a0163baa3f4}.Debug|Any CPU.ActiveCfg = Debug|Any CPU
		{72b9e039-0eaa-6d64-6b00-0a0163baa3f4}.Debug|Any CPU.Build.0 = Debug|Any CPU
		{e3395fe2-6dd7-0174-fe11-40993fde72b3}.Debug|Any CPU.ActiveCfg = Debug|Any CPU
		{e3395fe2-6dd7-0174-fe11-40993fde72b3}.Debug|Any CPU.Build.0 = Debug|Any CPU
		{5535ec89-3ecf-e9e2-b738-8b640e032389}.Debug|Any CPU.ActiveCfg = Debug|Any CPU
		{5535ec89-3ecf-e9e2-b738-8b640e032389}.Debug|Any CPU.Build.0 = Debug|Any CPU
		{6eccb63a-e286-e7f2-a405-6f305025a354}.Debug|Any CPU.ActiveCfg = Debug|Any CPU
		{6eccb63a-e286-e7f2-a405-6f305025a354}.Debug|Any CPU.Build.0 = Debug|Any CPU
		{29f619eb-57fa-7e93-ee99-9335705d2af9}.Debug|Any CPU.ActiveCfg = Debug|Any CPU
		{29f619eb-57fa-7e93-ee99-9335705d2af9}.Debug|Any CPU.Build.0 = Debug|Any CPU
		{c4fb2cd2-6675-cd35-68b6-492e03d73009}.Debug|Any CPU.ActiveCfg = Debug|Any CPU
		{c4fb2cd2-6675-cd35-68b6-492e03d73009}.Debug|Any CPU.Build.0 = Debug|Any CPU
		{b0da1f5e-16ce-f4c4-be97-d0aefe62ef17}.Debug|Any CPU.ActiveCfg = Debug|Any CPU
		{b0da1f5e-16ce-f4c4-be97-d0aefe62ef17}.Debug|Any CPU.Build.0 = Debug|Any CPU
		{9f88b8ce-e62e-2e81-172f-57c23554e356}.Debug|Any CPU.ActiveCfg = Debug|Any CPU
		{9f88b8ce-e62e-2e81-172f-57c23554e356}.Debug|Any CPU.Build.0 = Debug|Any CPU
		{1471aec5-9f67-3f07-ffad-b75bc3a6e629}.Debug|Any CPU.ActiveCfg = Debug|Any CPU
		{1471aec5-9f67-3f07-ffad-b75bc3a6e629}.Debug|Any CPU.Build.0 = Debug|Any CPU
		{9897a6a5-8724-f538-aa91-be48275916d0}.Debug|Any CPU.ActiveCfg = Debug|Any CPU
		{9897a6a5-8724-f538-aa91-be48275916d0}.Debug|Any CPU.Build.0 = Debug|Any CPU
		{c6b25105-1056-15ce-1a11-bfc7a2be7d73}.Debug|Any CPU.ActiveCfg = Debug|Any CPU
		{c6b25105-1056-15ce-1a11-bfc7a2be7d73}.Debug|Any CPU.Build.0 = Debug|Any CPU
		{a9ed504c-ba4d-232f-83d0-bb4f020cef7f}.Debug|Any CPU.ActiveCfg = Debug|Any CPU
		{a9ed504c-ba4d-232f-83d0-bb4f020cef7f}.Debug|Any CPU.Build.0 = Debug|Any CPU
		{8e73dc66-fbd6-3290-a0f3-0012fce0f8eb}.Debug|Any CPU.ActiveCfg = Debug|Any CPU
		{8e73dc66-fbd6-3290-a0f3-0012fce0f8eb}.Debug|Any CPU.Build.0 = Debug|Any CPU
		{924e5454-b744-0ad1-09a6-f466b9b79861}.Debug|Any CPU.ActiveCfg = Debug|Any CPU
		{924e5454-b744-0ad1-09a6-f466b9b79861}.Debug|Any CPU.Build.0 = Debug|Any CPU
		{7da42560-d509-2409-f49c-e51ebbf89c7e}.Debug|Any CPU.ActiveCfg = Debug|Any CPU
		{7da42560-d509-2409-f49c-e51ebbf89c7e}.Debug|Any CPU.Build.0 = Debug|Any CPU
	EndGlobalSection
	GlobalSection(SolutionProperties) = preSolution
		HideSolutionNode = FALSE
	EndGlobalSection
EndGlobal
